
Microsoft Visual Studio Solution File, Format Version 12.00
# Visual Studio Version 17
VisualStudioVersion = 17.7.34003.232
MinimumVisualStudioVersion = 10.0.40219.1
Project("{2150E333-8FDC-42A3-9474-1A3956D46DE8}") = "Solution Items", "Solution Items", "{369E4870-C577-40E7-B8ED-C45777E72CA1}"
	ProjectSection(SolutionItems) = preProject
		Directory.Build.props = Directory.Build.props
		logs@128px.png = logs@128px.png
		ReadMe.md = ReadMe.md
	EndProjectSection
EndProject
Project("{9A19103F-16F7-4668-BE54-9A1E7A4F7556}") = "VtlSoftware.Aspects.Logging.Tests.net6", "VtlSoftware.Aspects.Logging.Tests.net6\VtlSoftware.Aspects.Logging.Tests.net6.csproj", "{E0EB7D0B-1E00-4BF8-B22A-B1B12648055E}"
EndProject
Project("{9A19103F-16F7-4668-BE54-9A1E7A4F7556}") = "VtlSoftware.Aspects.SerilogStructuredLoggingConsoleApp", "VtlSoftware.Aspects.SerilogStructuredLoggingConsoleApp\VtlSoftware.Aspects.SerilogStructuredLoggingConsoleApp.csproj", "{7451D140-59F0-4CBE-B59E-3060D340B29B}"
EndProject
Project("{9A19103F-16F7-4668-BE54-9A1E7A4F7556}") = "VtlSoftware.Aspects.Logging", "VtlSoftware.Aspects.Logging\VtlSoftware.Aspects.Logging.csproj", "{CDCE1288-8385-4984-8CA7-DAC7A1FBFEF4}"
EndProject
Global
	GlobalSection(SolutionConfigurationPlatforms) = preSolution
		Debug|Any CPU = Debug|Any CPU
		LamaDebug|Any CPU = LamaDebug|Any CPU
		Release|Any CPU = Release|Any CPU
	EndGlobalSection
	GlobalSection(ProjectConfigurationPlatforms) = postSolution
		{E0EB7D0B-1E00-4BF8-B22A-B1B12648055E}.Debug|Any CPU.ActiveCfg = Debug|Any CPU
		{E0EB7D0B-1E00-4BF8-B22A-B1B12648055E}.Debug|Any CPU.Build.0 = Debug|Any CPU
		{E0EB7D0B-1E00-4BF8-B22A-B1B12648055E}.LamaDebug|Any CPU.ActiveCfg = LamaDebug|Any CPU
		{E0EB7D0B-1E00-4BF8-B22A-B1B12648055E}.LamaDebug|Any CPU.Build.0 = LamaDebug|Any CPU
		{E0EB7D0B-1E00-4BF8-B22A-B1B12648055E}.Release|Any CPU.ActiveCfg = Release|Any CPU
		{E0EB7D0B-1E00-4BF8-B22A-B1B12648055E}.Release|Any CPU.Build.0 = Release|Any CPU
		{7451D140-59F0-4CBE-B59E-3060D340B29B}.Debug|Any CPU.ActiveCfg = LamaDebug|Any CPU
		{7451D140-59F0-4CBE-B59E-3060D340B29B}.Debug|Any CPU.Build.0 = LamaDebug|Any CPU
		{7451D140-59F0-4CBE-B59E-3060D340B29B}.LamaDebug|Any CPU.ActiveCfg = LamaDebug|Any CPU
		{7451D140-59F0-4CBE-B59E-3060D340B29B}.LamaDebug|Any CPU.Build.0 = LamaDebug|Any CPU
		{7451D140-59F0-4CBE-B59E-3060D340B29B}.Release|Any CPU.ActiveCfg = Release|Any CPU
		{7451D140-59F0-4CBE-B59E-3060D340B29B}.Release|Any CPU.Build.0 = Release|Any CPU
		{CDCE1288-8385-4984-8CA7-DAC7A1FBFEF4}.Debug|Any CPU.ActiveCfg = Debug|Any CPU
		{CDCE1288-8385-4984-8CA7-DAC7A1FBFEF4}.Debug|Any CPU.Build.0 = Debug|Any CPU
		{CDCE1288-8385-4984-8CA7-DAC7A1FBFEF4}.LamaDebug|Any CPU.ActiveCfg = Debug|Any CPU
		{CDCE1288-8385-4984-8CA7-DAC7A1FBFEF4}.LamaDebug|Any CPU.Build.0 = Debug|Any CPU
		{CDCE1288-8385-4984-8CA7-DAC7A1FBFEF4}.Release|Any CPU.ActiveCfg = Release|Any CPU
		{CDCE1288-8385-4984-8CA7-DAC7A1FBFEF4}.Release|Any CPU.Build.0 = Release|Any CPU
	EndGlobalSection
	GlobalSection(SolutionProperties) = preSolution
		HideSolutionNode = FALSE
	EndGlobalSection
	GlobalSection(ExtensibilityGlobals) = postSolution
		SolutionGuid = {FA2526EE-81D1-4923-B4F8-FB3E890A1BA8}
	EndGlobalSection
EndGlobal
